// !$*UTF8*$!
{
	archiveVersion = 1;
	classes = {
	};
	objectVersion = 50;
	objects = {

/* Begin PBXBuildFile section */
		9224971822F01B01002885CA /* Constants.swift in Sources */ = {isa = PBXBuildFile; fileRef = 92A8EBB122ECF0E1000EC835 /* Constants.swift */; };
		9224971922F01B02002885CA /* Constants.swift in Sources */ = {isa = PBXBuildFile; fileRef = 92A8EBB122ECF0E1000EC835 /* Constants.swift */; };
		9224972422F0E97E002885CA /* AppDelegate.swift in Sources */ = {isa = PBXBuildFile; fileRef = 92A8EB7022ECEE62000EC835 /* AppDelegate.swift */; };
		9224972522F0E97F002885CA /* AppDelegate.swift in Sources */ = {isa = PBXBuildFile; fileRef = 92A8EB7022ECEE62000EC835 /* AppDelegate.swift */; };
		9224972822F0F3B3002885CA /* UIView+Extension.swift in Sources */ = {isa = PBXBuildFile; fileRef = 9224972722F0F3B3002885CA /* UIView+Extension.swift */; };
		9224972922F0F3B3002885CA /* UIView+Extension.swift in Sources */ = {isa = PBXBuildFile; fileRef = 9224972722F0F3B3002885CA /* UIView+Extension.swift */; };
		9224972A22F0F3B3002885CA /* UIView+Extension.swift in Sources */ = {isa = PBXBuildFile; fileRef = 9224972722F0F3B3002885CA /* UIView+Extension.swift */; };
		9224972C22F0FC5D002885CA /* ModelTests.swift in Sources */ = {isa = PBXBuildFile; fileRef = 9224972B22F0FC5D002885CA /* ModelTests.swift */; };
		9224973022F10220002885CA /* HttpClient.swift in Sources */ = {isa = PBXBuildFile; fileRef = 9224972F22F10220002885CA /* HttpClient.swift */; };
		9224973122F10220002885CA /* HttpClient.swift in Sources */ = {isa = PBXBuildFile; fileRef = 9224972F22F10220002885CA /* HttpClient.swift */; };
		9224973222F10220002885CA /* HttpClient.swift in Sources */ = {isa = PBXBuildFile; fileRef = 9224972F22F10220002885CA /* HttpClient.swift */; };
		9224973422F123E4002885CA /* NetworkingProtocols.swift in Sources */ = {isa = PBXBuildFile; fileRef = 9224973322F123E4002885CA /* NetworkingProtocols.swift */; };
		9224973522F123E4002885CA /* NetworkingProtocols.swift in Sources */ = {isa = PBXBuildFile; fileRef = 9224973322F123E4002885CA /* NetworkingProtocols.swift */; };
		9224973622F123E4002885CA /* NetworkingProtocols.swift in Sources */ = {isa = PBXBuildFile; fileRef = 9224973322F123E4002885CA /* NetworkingProtocols.swift */; };
		9224973822F12415002885CA /* NetworingMocks.swift in Sources */ = {isa = PBXBuildFile; fileRef = 9224973722F12415002885CA /* NetworingMocks.swift */; };
		9224973922F12415002885CA /* NetworingMocks.swift in Sources */ = {isa = PBXBuildFile; fileRef = 9224973722F12415002885CA /* NetworingMocks.swift */; };
		9224973A22F12415002885CA /* NetworingMocks.swift in Sources */ = {isa = PBXBuildFile; fileRef = 9224973722F12415002885CA /* NetworingMocks.swift */; };
		9224973C22F14542002885CA /* HttpClientTests.swift in Sources */ = {isa = PBXBuildFile; fileRef = 9224973B22F14542002885CA /* HttpClientTests.swift */; };
		9224974022F152B5002885CA /* URLBuilderTests.swift in Sources */ = {isa = PBXBuildFile; fileRef = 9224973F22F152B5002885CA /* URLBuilderTests.swift */; };
		9224974222F15FB5002885CA /* JSONParserTests.swift in Sources */ = {isa = PBXBuildFile; fileRef = 9224974122F15FB5002885CA /* JSONParserTests.swift */; };
		9239822B22EFD9530025ACE7 /* VehiclesVC.swift in Sources */ = {isa = PBXBuildFile; fileRef = 9239822A22EFD9530025ACE7 /* VehiclesVC.swift */; };
		9239822C22EFD9530025ACE7 /* VehiclesVC.swift in Sources */ = {isa = PBXBuildFile; fileRef = 9239822A22EFD9530025ACE7 /* VehiclesVC.swift */; };
		9239822D22EFD9530025ACE7 /* VehiclesVC.swift in Sources */ = {isa = PBXBuildFile; fileRef = 9239822A22EFD9530025ACE7 /* VehiclesVC.swift */; };
		9239823022EFDE6C0025ACE7 /* VehiclesTableManager.swift in Sources */ = {isa = PBXBuildFile; fileRef = 9239822F22EFDE6C0025ACE7 /* VehiclesTableManager.swift */; };
		9239823122EFDE6C0025ACE7 /* VehiclesTableManager.swift in Sources */ = {isa = PBXBuildFile; fileRef = 9239822F22EFDE6C0025ACE7 /* VehiclesTableManager.swift */; };
		9239823222EFDE6C0025ACE7 /* VehiclesTableManager.swift in Sources */ = {isa = PBXBuildFile; fileRef = 9239822F22EFDE6C0025ACE7 /* VehiclesTableManager.swift */; };
		9239823522EFEA730025ACE7 /* VehiclesTableViewCell.swift in Sources */ = {isa = PBXBuildFile; fileRef = 9239823422EFEA730025ACE7 /* VehiclesTableViewCell.swift */; };
		9239823622EFEA730025ACE7 /* VehiclesTableViewCell.swift in Sources */ = {isa = PBXBuildFile; fileRef = 9239823422EFEA730025ACE7 /* VehiclesTableViewCell.swift */; };
		9239823722EFEA730025ACE7 /* VehiclesTableViewCell.swift in Sources */ = {isa = PBXBuildFile; fileRef = 9239823422EFEA730025ACE7 /* VehiclesTableViewCell.swift */; };
		92A8EB7122ECEE62000EC835 /* AppDelegate.swift in Sources */ = {isa = PBXBuildFile; fileRef = 92A8EB7022ECEE62000EC835 /* AppDelegate.swift */; };
		92A8EB7322ECEE62000EC835 /* InitialButtonVC.swift in Sources */ = {isa = PBXBuildFile; fileRef = 92A8EB7222ECEE62000EC835 /* InitialButtonVC.swift */; };
		92A8EB7622ECEE62000EC835 /* Main.storyboard in Resources */ = {isa = PBXBuildFile; fileRef = 92A8EB7422ECEE62000EC835 /* Main.storyboard */; };
		92A8EB7922ECEE62000EC835 /* CarsNStuff.xcdatamodeld in Sources */ = {isa = PBXBuildFile; fileRef = 92A8EB7722ECEE62000EC835 /* CarsNStuff.xcdatamodeld */; };
		92A8EB7B22ECEE62000EC835 /* Assets.xcassets in Resources */ = {isa = PBXBuildFile; fileRef = 92A8EB7A22ECEE62000EC835 /* Assets.xcassets */; };
		92A8EB7E22ECEE62000EC835 /* LaunchScreen.storyboard in Resources */ = {isa = PBXBuildFile; fileRef = 92A8EB7C22ECEE62000EC835 /* LaunchScreen.storyboard */; };
		92A8EB9422ECEE63000EC835 /* CarsNStuffUITests.swift in Sources */ = {isa = PBXBuildFile; fileRef = 92A8EB9322ECEE63000EC835 /* CarsNStuffUITests.swift */; };
		92A8EBA322ECEE8B000EC835 /* Coordinator.swift in Sources */ = {isa = PBXBuildFile; fileRef = 92A8EBA222ECEE8B000EC835 /* Coordinator.swift */; };
		92A8EBA422ECEE8B000EC835 /* Coordinator.swift in Sources */ = {isa = PBXBuildFile; fileRef = 92A8EBA222ECEE8B000EC835 /* Coordinator.swift */; };
		92A8EBA522ECEE8B000EC835 /* Coordinator.swift in Sources */ = {isa = PBXBuildFile; fileRef = 92A8EBA222ECEE8B000EC835 /* Coordinator.swift */; };
		92A8EBA722ECEE94000EC835 /* MainCoordinator.swift in Sources */ = {isa = PBXBuildFile; fileRef = 92A8EBA622ECEE94000EC835 /* MainCoordinator.swift */; };
		92A8EBA822ECEE94000EC835 /* MainCoordinator.swift in Sources */ = {isa = PBXBuildFile; fileRef = 92A8EBA622ECEE94000EC835 /* MainCoordinator.swift */; };
		92A8EBA922ECEE94000EC835 /* MainCoordinator.swift in Sources */ = {isa = PBXBuildFile; fileRef = 92A8EBA622ECEE94000EC835 /* MainCoordinator.swift */; };
		92A8EBAC22ECF036000EC835 /* Storyboarded.swift in Sources */ = {isa = PBXBuildFile; fileRef = 92A8EBAB22ECF036000EC835 /* Storyboarded.swift */; };
		92A8EBAD22ECF036000EC835 /* Storyboarded.swift in Sources */ = {isa = PBXBuildFile; fileRef = 92A8EBAB22ECF036000EC835 /* Storyboarded.swift */; };
		92A8EBAE22ECF036000EC835 /* Storyboarded.swift in Sources */ = {isa = PBXBuildFile; fileRef = 92A8EBAB22ECF036000EC835 /* Storyboarded.swift */; };
		92A8EBAF22ECF091000EC835 /* InitialButtonVC.swift in Sources */ = {isa = PBXBuildFile; fileRef = 92A8EB7222ECEE62000EC835 /* InitialButtonVC.swift */; };
		92A8EBB022ECF092000EC835 /* InitialButtonVC.swift in Sources */ = {isa = PBXBuildFile; fileRef = 92A8EB7222ECEE62000EC835 /* InitialButtonVC.swift */; };
		92A8EBB222ECF0E1000EC835 /* Constants.swift in Sources */ = {isa = PBXBuildFile; fileRef = 92A8EBB122ECF0E1000EC835 /* Constants.swift */; };
		92A8EBB722ECF6C4000EC835 /* DealershipVC.swift in Sources */ = {isa = PBXBuildFile; fileRef = 92A8EBB622ECF6C4000EC835 /* DealershipVC.swift */; };
		92A8EBB822ECF6C4000EC835 /* DealershipVC.swift in Sources */ = {isa = PBXBuildFile; fileRef = 92A8EBB622ECF6C4000EC835 /* DealershipVC.swift */; };
		92A8EBB922ECF6C4000EC835 /* DealershipVC.swift in Sources */ = {isa = PBXBuildFile; fileRef = 92A8EBB622ECF6C4000EC835 /* DealershipVC.swift */; };
		92A8EBC222ECFC23000EC835 /* DealershipTableManager.swift in Sources */ = {isa = PBXBuildFile; fileRef = 92A8EBC122ECFC23000EC835 /* DealershipTableManager.swift */; };
		92A8EBC322ECFC23000EC835 /* DealershipTableManager.swift in Sources */ = {isa = PBXBuildFile; fileRef = 92A8EBC122ECFC23000EC835 /* DealershipTableManager.swift */; };
		92A8EBC422ECFC23000EC835 /* DealershipTableManager.swift in Sources */ = {isa = PBXBuildFile; fileRef = 92A8EBC122ECFC23000EC835 /* DealershipTableManager.swift */; };
		92A8EBC722ED02F0000EC835 /* CoreDataManager.swift in Sources */ = {isa = PBXBuildFile; fileRef = 92A8EBC622ED02F0000EC835 /* CoreDataManager.swift */; };
		92A8EBC822ED02F0000EC835 /* CoreDataManager.swift in Sources */ = {isa = PBXBuildFile; fileRef = 92A8EBC622ED02F0000EC835 /* CoreDataManager.swift */; };
		92A8EBC922ED02F0000EC835 /* CoreDataManager.swift in Sources */ = {isa = PBXBuildFile; fileRef = 92A8EBC622ED02F0000EC835 /* CoreDataManager.swift */; };
		92A8EBD422ED0F87000EC835 /* URLBuilder.swift in Sources */ = {isa = PBXBuildFile; fileRef = 92A8EBD322ED0F87000EC835 /* URLBuilder.swift */; };
		92A8EBD522ED0F87000EC835 /* URLBuilder.swift in Sources */ = {isa = PBXBuildFile; fileRef = 92A8EBD322ED0F87000EC835 /* URLBuilder.swift */; };
		92A8EBD622ED0F87000EC835 /* URLBuilder.swift in Sources */ = {isa = PBXBuildFile; fileRef = 92A8EBD322ED0F87000EC835 /* URLBuilder.swift */; };
		92AC3BFD22EF5A470062F91F /* DealershipOperation.swift in Sources */ = {isa = PBXBuildFile; fileRef = 92AC3BFC22EF5A470062F91F /* DealershipOperation.swift */; };
		92AC3BFE22EF5A470062F91F /* DealershipOperation.swift in Sources */ = {isa = PBXBuildFile; fileRef = 92AC3BFC22EF5A470062F91F /* DealershipOperation.swift */; };
		92AC3BFF22EF5A470062F91F /* DealershipOperation.swift in Sources */ = {isa = PBXBuildFile; fileRef = 92AC3BFC22EF5A470062F91F /* DealershipOperation.swift */; };
		92AC3C0122EF5B4B0062F91F /* DealershipInfo.swift in Sources */ = {isa = PBXBuildFile; fileRef = 92AC3C0022EF5B4B0062F91F /* DealershipInfo.swift */; };
		92AC3C0222EF5B4B0062F91F /* DealershipInfo.swift in Sources */ = {isa = PBXBuildFile; fileRef = 92AC3C0022EF5B4B0062F91F /* DealershipInfo.swift */; };
		92AC3C0322EF5B4B0062F91F /* DealershipInfo.swift in Sources */ = {isa = PBXBuildFile; fileRef = 92AC3C0022EF5B4B0062F91F /* DealershipInfo.swift */; };
		92E24BDA22EEB97B00870E77 /* Dealership+CoreDataProperties.swift in Sources */ = {isa = PBXBuildFile; fileRef = 92E24BD622EEB97B00870E77 /* Dealership+CoreDataProperties.swift */; };
		92E24BDB22EEB97B00870E77 /* Dealership+CoreDataProperties.swift in Sources */ = {isa = PBXBuildFile; fileRef = 92E24BD622EEB97B00870E77 /* Dealership+CoreDataProperties.swift */; };
		92E24BDC22EEB97B00870E77 /* Dealership+CoreDataProperties.swift in Sources */ = {isa = PBXBuildFile; fileRef = 92E24BD622EEB97B00870E77 /* Dealership+CoreDataProperties.swift */; };
		92E24BDD22EEB97B00870E77 /* Dealership+CoreDataClass.swift in Sources */ = {isa = PBXBuildFile; fileRef = 92E24BD722EEB97B00870E77 /* Dealership+CoreDataClass.swift */; };
		92E24BDE22EEB97B00870E77 /* Dealership+CoreDataClass.swift in Sources */ = {isa = PBXBuildFile; fileRef = 92E24BD722EEB97B00870E77 /* Dealership+CoreDataClass.swift */; };
		92E24BDF22EEB97B00870E77 /* Dealership+CoreDataClass.swift in Sources */ = {isa = PBXBuildFile; fileRef = 92E24BD722EEB97B00870E77 /* Dealership+CoreDataClass.swift */; };
		92E24BE022EEB97B00870E77 /* Vehicle+CoreDataProperties.swift in Sources */ = {isa = PBXBuildFile; fileRef = 92E24BD822EEB97B00870E77 /* Vehicle+CoreDataProperties.swift */; };
		92E24BE122EEB97B00870E77 /* Vehicle+CoreDataProperties.swift in Sources */ = {isa = PBXBuildFile; fileRef = 92E24BD822EEB97B00870E77 /* Vehicle+CoreDataProperties.swift */; };
		92E24BE222EEB97B00870E77 /* Vehicle+CoreDataProperties.swift in Sources */ = {isa = PBXBuildFile; fileRef = 92E24BD822EEB97B00870E77 /* Vehicle+CoreDataProperties.swift */; };
		92E24BE322EEB97B00870E77 /* Vehicle+CoreDataClass.swift in Sources */ = {isa = PBXBuildFile; fileRef = 92E24BD922EEB97B00870E77 /* Vehicle+CoreDataClass.swift */; };
		92E24BE422EEB97B00870E77 /* Vehicle+CoreDataClass.swift in Sources */ = {isa = PBXBuildFile; fileRef = 92E24BD922EEB97B00870E77 /* Vehicle+CoreDataClass.swift */; };
		92E24BE522EEB97B00870E77 /* Vehicle+CoreDataClass.swift in Sources */ = {isa = PBXBuildFile; fileRef = 92E24BD922EEB97B00870E77 /* Vehicle+CoreDataClass.swift */; };
		92FE23CC22ED16F4008728C5 /* Dataset.swift in Sources */ = {isa = PBXBuildFile; fileRef = 92FE23CB22ED16F4008728C5 /* Dataset.swift */; };
		92FE23CD22ED16F4008728C5 /* Dataset.swift in Sources */ = {isa = PBXBuildFile; fileRef = 92FE23CB22ED16F4008728C5 /* Dataset.swift */; };
		92FE23CE22ED16F4008728C5 /* Dataset.swift in Sources */ = {isa = PBXBuildFile; fileRef = 92FE23CB22ED16F4008728C5 /* Dataset.swift */; };
		92FE23D822EE2EC2008728C5 /* VehicleIDs.swift in Sources */ = {isa = PBXBuildFile; fileRef = 92FE23D722EE2EC2008728C5 /* VehicleIDs.swift */; };
		92FE23D922EE2EC2008728C5 /* VehicleIDs.swift in Sources */ = {isa = PBXBuildFile; fileRef = 92FE23D722EE2EC2008728C5 /* VehicleIDs.swift */; };
		92FE23DA22EE2EC2008728C5 /* VehicleIDs.swift in Sources */ = {isa = PBXBuildFile; fileRef = 92FE23D722EE2EC2008728C5 /* VehicleIDs.swift */; };
		92FE23DE22EE39B7008728C5 /* DatasetOperation.swift in Sources */ = {isa = PBXBuildFile; fileRef = 92FE23DD22EE39B7008728C5 /* DatasetOperation.swift */; };
		92FE23DF22EE39B7008728C5 /* DatasetOperation.swift in Sources */ = {isa = PBXBuildFile; fileRef = 92FE23DD22EE39B7008728C5 /* DatasetOperation.swift */; };
		92FE23E022EE39B7008728C5 /* DatasetOperation.swift in Sources */ = {isa = PBXBuildFile; fileRef = 92FE23DD22EE39B7008728C5 /* DatasetOperation.swift */; };
		92FE23E222EE5BA4008728C5 /* DataTaskManager.swift in Sources */ = {isa = PBXBuildFile; fileRef = 92FE23E122EE5BA4008728C5 /* DataTaskManager.swift */; };
		92FE23E322EE5BA4008728C5 /* DataTaskManager.swift in Sources */ = {isa = PBXBuildFile; fileRef = 92FE23E122EE5BA4008728C5 /* DataTaskManager.swift */; };
		92FE23E422EE5BA4008728C5 /* DataTaskManager.swift in Sources */ = {isa = PBXBuildFile; fileRef = 92FE23E122EE5BA4008728C5 /* DataTaskManager.swift */; };
		92FE23E622EE63B4008728C5 /* VehicleIDsOperation.swift in Sources */ = {isa = PBXBuildFile; fileRef = 92FE23E522EE63B4008728C5 /* VehicleIDsOperation.swift */; };
		92FE23E722EE63B4008728C5 /* VehicleIDsOperation.swift in Sources */ = {isa = PBXBuildFile; fileRef = 92FE23E522EE63B4008728C5 /* VehicleIDsOperation.swift */; };
		92FE23E822EE63B4008728C5 /* VehicleIDsOperation.swift in Sources */ = {isa = PBXBuildFile; fileRef = 92FE23E522EE63B4008728C5 /* VehicleIDsOperation.swift */; };
		92FE23EA22EE9214008728C5 /* JSONParser.swift in Sources */ = {isa = PBXBuildFile; fileRef = 92FE23E922EE9214008728C5 /* JSONParser.swift */; };
		92FE23EB22EE9214008728C5 /* JSONParser.swift in Sources */ = {isa = PBXBuildFile; fileRef = 92FE23E922EE9214008728C5 /* JSONParser.swift */; };
		92FE23EC22EE9214008728C5 /* JSONParser.swift in Sources */ = {isa = PBXBuildFile; fileRef = 92FE23E922EE9214008728C5 /* JSONParser.swift */; };
		92FE23EE22EE93B1008728C5 /* VehicleInfoOperation.swift in Sources */ = {isa = PBXBuildFile; fileRef = 92FE23ED22EE93B1008728C5 /* VehicleInfoOperation.swift */; };
		92FE23EF22EE93B1008728C5 /* VehicleInfoOperation.swift in Sources */ = {isa = PBXBuildFile; fileRef = 92FE23ED22EE93B1008728C5 /* VehicleInfoOperation.swift */; };
		92FE23F022EE93B1008728C5 /* VehicleInfoOperation.swift in Sources */ = {isa = PBXBuildFile; fileRef = 92FE23ED22EE93B1008728C5 /* VehicleInfoOperation.swift */; };
		92FE23F422EE9672008728C5 /* VehicleInfo.swift in Sources */ = {isa = PBXBuildFile; fileRef = 92FE23F322EE9672008728C5 /* VehicleInfo.swift */; };
		92FE23F522EE9672008728C5 /* VehicleInfo.swift in Sources */ = {isa = PBXBuildFile; fileRef = 92FE23F322EE9672008728C5 /* VehicleInfo.swift */; };
		92FE23F622EE9672008728C5 /* VehicleInfo.swift in Sources */ = {isa = PBXBuildFile; fileRef = 92FE23F322EE9672008728C5 /* VehicleInfo.swift */; };
/* End PBXBuildFile section */

/* Begin PBXContainerItemProxy section */
		92A8EB8522ECEE63000EC835 /* PBXContainerItemProxy */ = {
			isa = PBXContainerItemProxy;
			containerPortal = 92A8EB6522ECEE62000EC835 /* Project object */;
			proxyType = 1;
			remoteGlobalIDString = 92A8EB6C22ECEE62000EC835;
			remoteInfo = CarsNStuff;
		};
		92A8EB9022ECEE63000EC835 /* PBXContainerItemProxy */ = {
			isa = PBXContainerItemProxy;
			containerPortal = 92A8EB6522ECEE62000EC835 /* Project object */;
			proxyType = 1;
			remoteGlobalIDString = 92A8EB6C22ECEE62000EC835;
			remoteInfo = CarsNStuff;
		};
/* End PBXContainerItemProxy section */

/* Begin PBXFileReference section */
		9224972722F0F3B3002885CA /* UIView+Extension.swift */ = {isa = PBXFileReference; lastKnownFileType = sourcecode.swift; path = "UIView+Extension.swift"; sourceTree = "<group>"; wrapsLines = 0; };
		9224972B22F0FC5D002885CA /* ModelTests.swift */ = {isa = PBXFileReference; lastKnownFileType = sourcecode.swift; path = ModelTests.swift; sourceTree = "<group>"; wrapsLines = 0; };
		9224972F22F10220002885CA /* HttpClient.swift */ = {isa = PBXFileReference; lastKnownFileType = sourcecode.swift; path = HttpClient.swift; sourceTree = "<group>"; wrapsLines = 0; };
		9224973322F123E4002885CA /* NetworkingProtocols.swift */ = {isa = PBXFileReference; lastKnownFileType = sourcecode.swift; path = NetworkingProtocols.swift; sourceTree = "<group>"; };
		9224973722F12415002885CA /* NetworingMocks.swift */ = {isa = PBXFileReference; lastKnownFileType = sourcecode.swift; path = NetworingMocks.swift; sourceTree = "<group>"; };
		9224973B22F14542002885CA /* HttpClientTests.swift */ = {isa = PBXFileReference; lastKnownFileType = sourcecode.swift; path = HttpClientTests.swift; sourceTree = "<group>"; };
		9224973F22F152B5002885CA /* URLBuilderTests.swift */ = {isa = PBXFileReference; lastKnownFileType = sourcecode.swift; path = URLBuilderTests.swift; sourceTree = "<group>"; wrapsLines = 0; };
		9224974122F15FB5002885CA /* JSONParserTests.swift */ = {isa = PBXFileReference; lastKnownFileType = sourcecode.swift; path = JSONParserTests.swift; sourceTree = "<group>"; wrapsLines = 0; };
		9239822A22EFD9530025ACE7 /* VehiclesVC.swift */ = {isa = PBXFileReference; lastKnownFileType = sourcecode.swift; path = VehiclesVC.swift; sourceTree = "<group>"; };
		9239822F22EFDE6C0025ACE7 /* VehiclesTableManager.swift */ = {isa = PBXFileReference; lastKnownFileType = sourcecode.swift; path = VehiclesTableManager.swift; sourceTree = "<group>"; wrapsLines = 0; };
		9239823422EFEA730025ACE7 /* VehiclesTableViewCell.swift */ = {isa = PBXFileReference; lastKnownFileType = sourcecode.swift; path = VehiclesTableViewCell.swift; sourceTree = "<group>"; };
		92A8EB6D22ECEE62000EC835 /* CarsNStuff.app */ = {isa = PBXFileReference; explicitFileType = wrapper.application; includeInIndex = 0; path = CarsNStuff.app; sourceTree = BUILT_PRODUCTS_DIR; };
		92A8EB7022ECEE62000EC835 /* AppDelegate.swift */ = {isa = PBXFileReference; lastKnownFileType = sourcecode.swift; path = AppDelegate.swift; sourceTree = "<group>"; wrapsLines = 0; };
		92A8EB7222ECEE62000EC835 /* InitialButtonVC.swift */ = {isa = PBXFileReference; lastKnownFileType = sourcecode.swift; path = InitialButtonVC.swift; sourceTree = "<group>"; wrapsLines = 0; };
		92A8EB7522ECEE62000EC835 /* Base */ = {isa = PBXFileReference; lastKnownFileType = file.storyboard; name = Base; path = Base.lproj/Main.storyboard; sourceTree = "<group>"; };
		92A8EB7822ECEE62000EC835 /* CarsNStuff.xcdatamodel */ = {isa = PBXFileReference; lastKnownFileType = wrapper.xcdatamodel; path = CarsNStuff.xcdatamodel; sourceTree = "<group>"; };
		92A8EB7A22ECEE62000EC835 /* Assets.xcassets */ = {isa = PBXFileReference; lastKnownFileType = folder.assetcatalog; path = Assets.xcassets; sourceTree = "<group>"; };
		92A8EB7D22ECEE62000EC835 /* Base */ = {isa = PBXFileReference; lastKnownFileType = file.storyboard; name = Base; path = Base.lproj/LaunchScreen.storyboard; sourceTree = "<group>"; };
		92A8EB7F22ECEE62000EC835 /* Info.plist */ = {isa = PBXFileReference; lastKnownFileType = text.plist.xml; path = Info.plist; sourceTree = "<group>"; };
		92A8EB8422ECEE63000EC835 /* CarsNStuffTests.xctest */ = {isa = PBXFileReference; explicitFileType = wrapper.cfbundle; includeInIndex = 0; path = CarsNStuffTests.xctest; sourceTree = BUILT_PRODUCTS_DIR; };
		92A8EB8A22ECEE63000EC835 /* Info.plist */ = {isa = PBXFileReference; lastKnownFileType = text.plist.xml; path = Info.plist; sourceTree = "<group>"; };
		92A8EB8F22ECEE63000EC835 /* CarsNStuffUITests.xctest */ = {isa = PBXFileReference; explicitFileType = wrapper.cfbundle; includeInIndex = 0; path = CarsNStuffUITests.xctest; sourceTree = BUILT_PRODUCTS_DIR; };
		92A8EB9322ECEE63000EC835 /* CarsNStuffUITests.swift */ = {isa = PBXFileReference; lastKnownFileType = sourcecode.swift; path = CarsNStuffUITests.swift; sourceTree = "<group>"; };
		92A8EB9522ECEE63000EC835 /* Info.plist */ = {isa = PBXFileReference; lastKnownFileType = text.plist.xml; path = Info.plist; sourceTree = "<group>"; };
		92A8EBA222ECEE8B000EC835 /* Coordinator.swift */ = {isa = PBXFileReference; lastKnownFileType = sourcecode.swift; path = Coordinator.swift; sourceTree = "<group>"; };
		92A8EBA622ECEE94000EC835 /* MainCoordinator.swift */ = {isa = PBXFileReference; lastKnownFileType = sourcecode.swift; path = MainCoordinator.swift; sourceTree = "<group>"; wrapsLines = 0; };
		92A8EBAB22ECF036000EC835 /* Storyboarded.swift */ = {isa = PBXFileReference; lastKnownFileType = sourcecode.swift; path = Storyboarded.swift; sourceTree = "<group>"; };
		92A8EBB122ECF0E1000EC835 /* Constants.swift */ = {isa = PBXFileReference; lastKnownFileType = sourcecode.swift; path = Constants.swift; sourceTree = "<group>"; wrapsLines = 0; };
		92A8EBB622ECF6C4000EC835 /* DealershipVC.swift */ = {isa = PBXFileReference; lastKnownFileType = sourcecode.swift; path = DealershipVC.swift; sourceTree = "<group>"; };
		92A8EBC122ECFC23000EC835 /* DealershipTableManager.swift */ = {isa = PBXFileReference; lastKnownFileType = sourcecode.swift; path = DealershipTableManager.swift; sourceTree = "<group>"; };
		92A8EBC622ED02F0000EC835 /* CoreDataManager.swift */ = {isa = PBXFileReference; lastKnownFileType = sourcecode.swift; path = CoreDataManager.swift; sourceTree = "<group>"; wrapsLines = 0; };
		92A8EBD322ED0F87000EC835 /* URLBuilder.swift */ = {isa = PBXFileReference; lastKnownFileType = sourcecode.swift; path = URLBuilder.swift; sourceTree = "<group>"; };
		92AC3BFC22EF5A470062F91F /* DealershipOperation.swift */ = {isa = PBXFileReference; lastKnownFileType = sourcecode.swift; path = DealershipOperation.swift; sourceTree = "<group>"; };
		92AC3C0022EF5B4B0062F91F /* DealershipInfo.swift */ = {isa = PBXFileReference; lastKnownFileType = sourcecode.swift; path = DealershipInfo.swift; sourceTree = "<group>"; };
		92E24BD622EEB97B00870E77 /* Dealership+CoreDataProperties.swift */ = {isa = PBXFileReference; fileEncoding = 4; lastKnownFileType = sourcecode.swift; path = "Dealership+CoreDataProperties.swift"; sourceTree = "<group>"; };
		92E24BD722EEB97B00870E77 /* Dealership+CoreDataClass.swift */ = {isa = PBXFileReference; fileEncoding = 4; lastKnownFileType = sourcecode.swift; path = "Dealership+CoreDataClass.swift"; sourceTree = "<group>"; };
		92E24BD822EEB97B00870E77 /* Vehicle+CoreDataProperties.swift */ = {isa = PBXFileReference; fileEncoding = 4; lastKnownFileType = sourcecode.swift; path = "Vehicle+CoreDataProperties.swift"; sourceTree = "<group>"; };
		92E24BD922EEB97B00870E77 /* Vehicle+CoreDataClass.swift */ = {isa = PBXFileReference; fileEncoding = 4; lastKnownFileType = sourcecode.swift; path = "Vehicle+CoreDataClass.swift"; sourceTree = "<group>"; };
		92FE23CB22ED16F4008728C5 /* Dataset.swift */ = {isa = PBXFileReference; lastKnownFileType = sourcecode.swift; path = Dataset.swift; sourceTree = "<group>"; };
		92FE23D722EE2EC2008728C5 /* VehicleIDs.swift */ = {isa = PBXFileReference; lastKnownFileType = sourcecode.swift; path = VehicleIDs.swift; sourceTree = "<group>"; };
		92FE23DD22EE39B7008728C5 /* DatasetOperation.swift */ = {isa = PBXFileReference; lastKnownFileType = sourcecode.swift; path = DatasetOperation.swift; sourceTree = "<group>"; };
		92FE23E122EE5BA4008728C5 /* DataTaskManager.swift */ = {isa = PBXFileReference; lastKnownFileType = sourcecode.swift; path = DataTaskManager.swift; sourceTree = "<group>"; wrapsLines = 0; };
		92FE23E522EE63B4008728C5 /* VehicleIDsOperation.swift */ = {isa = PBXFileReference; lastKnownFileType = sourcecode.swift; path = VehicleIDsOperation.swift; sourceTree = "<group>"; };
		92FE23E922EE9214008728C5 /* JSONParser.swift */ = {isa = PBXFileReference; lastKnownFileType = sourcecode.swift; path = JSONParser.swift; sourceTree = "<group>"; };
		92FE23ED22EE93B1008728C5 /* VehicleInfoOperation.swift */ = {isa = PBXFileReference; lastKnownFileType = sourcecode.swift; path = VehicleInfoOperation.swift; sourceTree = "<group>"; wrapsLines = 0; };
		92FE23F322EE9672008728C5 /* VehicleInfo.swift */ = {isa = PBXFileReference; lastKnownFileType = sourcecode.swift; path = VehicleInfo.swift; sourceTree = "<group>"; };
/* End PBXFileReference section */

/* Begin PBXFrameworksBuildPhase section */
		92A8EB6A22ECEE62000EC835 /* Frameworks */ = {
			isa = PBXFrameworksBuildPhase;
			buildActionMask = 2147483647;
			files = (
			);
			runOnlyForDeploymentPostprocessing = 0;
		};
		92A8EB8122ECEE63000EC835 /* Frameworks */ = {
			isa = PBXFrameworksBuildPhase;
			buildActionMask = 2147483647;
			files = (
			);
			runOnlyForDeploymentPostprocessing = 0;
		};
		92A8EB8C22ECEE63000EC835 /* Frameworks */ = {
			isa = PBXFrameworksBuildPhase;
			buildActionMask = 2147483647;
			files = (
			);
			runOnlyForDeploymentPostprocessing = 0;
		};
/* End PBXFrameworksBuildPhase section */

/* Begin PBXGroup section */
		9224972622F0F39C002885CA /* Extensions */ = {
			isa = PBXGroup;
			children = (
				9224972722F0F3B3002885CA /* UIView+Extension.swift */,
			);
			path = Extensions;
			sourceTree = "<group>";
		};
		9239822E22EFDE590025ACE7 /* TableManagers */ = {
			isa = PBXGroup;
			children = (
				92A8EBC122ECFC23000EC835 /* DealershipTableManager.swift */,
				9239822F22EFDE6C0025ACE7 /* VehiclesTableManager.swift */,
			);
			path = TableManagers;
			sourceTree = "<group>";
		};
		9239823322EFEA450025ACE7 /* Views */ = {
			isa = PBXGroup;
			children = (
				9239823422EFEA730025ACE7 /* VehiclesTableViewCell.swift */,
			);
			path = Views;
			sourceTree = "<group>";
		};
		92A8EB6422ECEE62000EC835 = {
			isa = PBXGroup;
			children = (
				92A8EB6F22ECEE62000EC835 /* CarsNStuff */,
				92A8EB8722ECEE63000EC835 /* CarsNStuffTests */,
				92A8EB9222ECEE63000EC835 /* CarsNStuffUITests */,
				92A8EB6E22ECEE62000EC835 /* Products */,
			);
			sourceTree = "<group>";
		};
		92A8EB6E22ECEE62000EC835 /* Products */ = {
			isa = PBXGroup;
			children = (
				92A8EB6D22ECEE62000EC835 /* CarsNStuff.app */,
				92A8EB8422ECEE63000EC835 /* CarsNStuffTests.xctest */,
				92A8EB8F22ECEE63000EC835 /* CarsNStuffUITests.xctest */,
			);
			name = Products;
			sourceTree = "<group>";
		};
		92A8EB6F22ECEE62000EC835 /* CarsNStuff */ = {
			isa = PBXGroup;
			children = (
				92A8EB7F22ECEE62000EC835 /* Info.plist */,
				92A8EB7022ECEE62000EC835 /* AppDelegate.swift */,
				92A8EBA122ECEE78000EC835 /* Coordinators */,
				9224972622F0F39C002885CA /* Extensions */,
				92A8EBC522ED02CC000EC835 /* Model */,
				92A8EBB522ECF415000EC835 /* Resources */,
				92A8EBCE22ED0DB5000EC835 /* Service */,
				9239822E22EFDE590025ACE7 /* TableManagers */,
				92A8EBAA22ECF01B000EC835 /* ViewControllers */,
				9239823322EFEA450025ACE7 /* Views */,
			);
			path = CarsNStuff;
			sourceTree = "<group>";
		};
		92A8EB8722ECEE63000EC835 /* CarsNStuffTests */ = {
			isa = PBXGroup;
			children = (
				9224974122F15FB5002885CA /* JSONParserTests.swift */,
				9224973F22F152B5002885CA /* URLBuilderTests.swift */,
				9224973B22F14542002885CA /* HttpClientTests.swift */,
				9224972B22F0FC5D002885CA /* ModelTests.swift */,
				92A8EB8A22ECEE63000EC835 /* Info.plist */,
			);
			path = CarsNStuffTests;
			sourceTree = "<group>";
		};
		92A8EB9222ECEE63000EC835 /* CarsNStuffUITests */ = {
			isa = PBXGroup;
			children = (
				92A8EB9322ECEE63000EC835 /* CarsNStuffUITests.swift */,
				92A8EB9522ECEE63000EC835 /* Info.plist */,
			);
			path = CarsNStuffUITests;
			sourceTree = "<group>";
		};
		92A8EBA122ECEE78000EC835 /* Coordinators */ = {
			isa = PBXGroup;
			children = (
				92A8EBA222ECEE8B000EC835 /* Coordinator.swift */,
				92A8EBA622ECEE94000EC835 /* MainCoordinator.swift */,
			);
			path = Coordinators;
			sourceTree = "<group>";
		};
		92A8EBAA22ECF01B000EC835 /* ViewControllers */ = {
			isa = PBXGroup;
			children = (
				92A8EB7222ECEE62000EC835 /* InitialButtonVC.swift */,
				92A8EBAB22ECF036000EC835 /* Storyboarded.swift */,
				92A8EBB622ECF6C4000EC835 /* DealershipVC.swift */,
				9239822A22EFD9530025ACE7 /* VehiclesVC.swift */,
			);
			path = ViewControllers;
			sourceTree = "<group>";
		};
		92A8EBB522ECF415000EC835 /* Resources */ = {
			isa = PBXGroup;
			children = (
				92A8EB7A22ECEE62000EC835 /* Assets.xcassets */,
				92A8EB7C22ECEE62000EC835 /* LaunchScreen.storyboard */,
				92A8EB7422ECEE62000EC835 /* Main.storyboard */,
				92A8EBB122ECF0E1000EC835 /* Constants.swift */,
			);
			path = Resources;
			sourceTree = "<group>";
		};
		92A8EBC522ED02CC000EC835 /* Model */ = {
			isa = PBXGroup;
			children = (
				92A8EB7722ECEE62000EC835 /* CarsNStuff.xcdatamodeld */,
				92A8EBC622ED02F0000EC835 /* CoreDataManager.swift */,
				92FE23F122EE9526008728C5 /* Entities */,
			);
			path = Model;
			sourceTree = "<group>";
		};
		92A8EBCE22ED0DB5000EC835 /* Service */ = {
			isa = PBXGroup;
			children = (
				92FE23E122EE5BA4008728C5 /* DataTaskManager.swift */,
				9224972F22F10220002885CA /* HttpClient.swift */,
				92FE23E922EE9214008728C5 /* JSONParser.swift */,
				9224973722F12415002885CA /* NetworingMocks.swift */,
				9224973322F123E4002885CA /* NetworkingProtocols.swift */,
				92A8EBD322ED0F87000EC835 /* URLBuilder.swift */,
				92FE23DC22EE399E008728C5 /* Operations */,
			);
			path = Service;
			sourceTree = "<group>";
		};
		92E24BD522EEB97B00870E77 /* ManagedObjects */ = {
			isa = PBXGroup;
			children = (
				92E24BD722EEB97B00870E77 /* Dealership+CoreDataClass.swift */,
				92E24BD922EEB97B00870E77 /* Vehicle+CoreDataClass.swift */,
				92E24BD622EEB97B00870E77 /* Dealership+CoreDataProperties.swift */,
				92E24BD822EEB97B00870E77 /* Vehicle+CoreDataProperties.swift */,
			);
			path = ManagedObjects;
			sourceTree = "<group>";
		};
		92FE23DC22EE399E008728C5 /* Operations */ = {
			isa = PBXGroup;
			children = (
				92FE23DD22EE39B7008728C5 /* DatasetOperation.swift */,
				92AC3BFC22EF5A470062F91F /* DealershipOperation.swift */,
				92FE23E522EE63B4008728C5 /* VehicleIDsOperation.swift */,
				92FE23ED22EE93B1008728C5 /* VehicleInfoOperation.swift */,
			);
			path = Operations;
			sourceTree = "<group>";
		};
		92FE23F122EE9526008728C5 /* Entities */ = {
			isa = PBXGroup;
			children = (
				92E24BD522EEB97B00870E77 /* ManagedObjects */,
				92FE23F222EE9553008728C5 /* Structs */,
			);
			path = Entities;
			sourceTree = "<group>";
		};
		92FE23F222EE9553008728C5 /* Structs */ = {
			isa = PBXGroup;
			children = (
				92FE23CB22ED16F4008728C5 /* Dataset.swift */,
				92AC3C0022EF5B4B0062F91F /* DealershipInfo.swift */,
				92FE23D722EE2EC2008728C5 /* VehicleIDs.swift */,
				92FE23F322EE9672008728C5 /* VehicleInfo.swift */,
			);
			path = Structs;
			sourceTree = "<group>";
		};
/* End PBXGroup section */

/* Begin PBXNativeTarget section */
		92A8EB6C22ECEE62000EC835 /* CarsNStuff */ = {
			isa = PBXNativeTarget;
			buildConfigurationList = 92A8EB9822ECEE63000EC835 /* Build configuration list for PBXNativeTarget "CarsNStuff" */;
			buildPhases = (
				92A8EB6922ECEE62000EC835 /* Sources */,
				92A8EB6A22ECEE62000EC835 /* Frameworks */,
				92A8EB6B22ECEE62000EC835 /* Resources */,
			);
			buildRules = (
			);
			dependencies = (
			);
			name = CarsNStuff;
			productName = CarsNStuff;
			productReference = 92A8EB6D22ECEE62000EC835 /* CarsNStuff.app */;
			productType = "com.apple.product-type.application";
		};
		92A8EB8322ECEE63000EC835 /* CarsNStuffTests */ = {
			isa = PBXNativeTarget;
			buildConfigurationList = 92A8EB9B22ECEE63000EC835 /* Build configuration list for PBXNativeTarget "CarsNStuffTests" */;
			buildPhases = (
				92A8EB8022ECEE63000EC835 /* Sources */,
				92A8EB8122ECEE63000EC835 /* Frameworks */,
				92A8EB8222ECEE63000EC835 /* Resources */,
			);
			buildRules = (
			);
			dependencies = (
				92A8EB8622ECEE63000EC835 /* PBXTargetDependency */,
			);
			name = CarsNStuffTests;
			productName = CarsNStuffTests;
			productReference = 92A8EB8422ECEE63000EC835 /* CarsNStuffTests.xctest */;
			productType = "com.apple.product-type.bundle.unit-test";
		};
		92A8EB8E22ECEE63000EC835 /* CarsNStuffUITests */ = {
			isa = PBXNativeTarget;
			buildConfigurationList = 92A8EB9E22ECEE63000EC835 /* Build configuration list for PBXNativeTarget "CarsNStuffUITests" */;
			buildPhases = (
				92A8EB8B22ECEE63000EC835 /* Sources */,
				92A8EB8C22ECEE63000EC835 /* Frameworks */,
				92A8EB8D22ECEE63000EC835 /* Resources */,
			);
			buildRules = (
			);
			dependencies = (
				92A8EB9122ECEE63000EC835 /* PBXTargetDependency */,
			);
			name = CarsNStuffUITests;
			productName = CarsNStuffUITests;
			productReference = 92A8EB8F22ECEE63000EC835 /* CarsNStuffUITests.xctest */;
			productType = "com.apple.product-type.bundle.ui-testing";
		};
/* End PBXNativeTarget section */

/* Begin PBXProject section */
		92A8EB6522ECEE62000EC835 /* Project object */ = {
			isa = PBXProject;
			attributes = {
				LastSwiftUpdateCheck = 1020;
				LastUpgradeCheck = 1020;
				ORGANIZATIONNAME = Swingaroo2;
				TargetAttributes = {
					92A8EB6C22ECEE62000EC835 = {
						CreatedOnToolsVersion = 10.2.1;
					};
					92A8EB8322ECEE63000EC835 = {
						CreatedOnToolsVersion = 10.2.1;
						TestTargetID = 92A8EB6C22ECEE62000EC835;
					};
					92A8EB8E22ECEE63000EC835 = {
						CreatedOnToolsVersion = 10.2.1;
						TestTargetID = 92A8EB6C22ECEE62000EC835;
					};
				};
			};
			buildConfigurationList = 92A8EB6822ECEE62000EC835 /* Build configuration list for PBXProject "CarsNStuff" */;
			compatibilityVersion = "Xcode 9.3";
			developmentRegion = en;
			hasScannedForEncodings = 0;
			knownRegions = (
				en,
				Base,
			);
			mainGroup = 92A8EB6422ECEE62000EC835;
			productRefGroup = 92A8EB6E22ECEE62000EC835 /* Products */;
			projectDirPath = "";
			projectRoot = "";
			targets = (
				92A8EB6C22ECEE62000EC835 /* CarsNStuff */,
				92A8EB8322ECEE63000EC835 /* CarsNStuffTests */,
				92A8EB8E22ECEE63000EC835 /* CarsNStuffUITests */,
			);
		};
/* End PBXProject section */

/* Begin PBXResourcesBuildPhase section */
		92A8EB6B22ECEE62000EC835 /* Resources */ = {
			isa = PBXResourcesBuildPhase;
			buildActionMask = 2147483647;
			files = (
				92A8EB7E22ECEE62000EC835 /* LaunchScreen.storyboard in Resources */,
				92A8EB7B22ECEE62000EC835 /* Assets.xcassets in Resources */,
				92A8EB7622ECEE62000EC835 /* Main.storyboard in Resources */,
			);
			runOnlyForDeploymentPostprocessing = 0;
		};
		92A8EB8222ECEE63000EC835 /* Resources */ = {
			isa = PBXResourcesBuildPhase;
			buildActionMask = 2147483647;
			files = (
			);
			runOnlyForDeploymentPostprocessing = 0;
		};
		92A8EB8D22ECEE63000EC835 /* Resources */ = {
			isa = PBXResourcesBuildPhase;
			buildActionMask = 2147483647;
			files = (
			);
			runOnlyForDeploymentPostprocessing = 0;
		};
/* End PBXResourcesBuildPhase section */

/* Begin PBXSourcesBuildPhase section */
		92A8EB6922ECEE62000EC835 /* Sources */ = {
			isa = PBXSourcesBuildPhase;
			buildActionMask = 2147483647;
			files = (
				9239823522EFEA730025ACE7 /* VehiclesTableViewCell.swift in Sources */,
				9224972822F0F3B3002885CA /* UIView+Extension.swift in Sources */,
				92A8EBC222ECFC23000EC835 /* DealershipTableManager.swift in Sources */,
				92AC3C0122EF5B4B0062F91F /* DealershipInfo.swift in Sources */,
				92A8EBA322ECEE8B000EC835 /* Coordinator.swift in Sources */,
				92E24BDA22EEB97B00870E77 /* Dealership+CoreDataProperties.swift in Sources */,
				92A8EB7322ECEE62000EC835 /* InitialButtonVC.swift in Sources */,
				92A8EB7922ECEE62000EC835 /* CarsNStuff.xcdatamodeld in Sources */,
				92FE23EE22EE93B1008728C5 /* VehicleInfoOperation.swift in Sources */,
				9224973822F12415002885CA /* NetworingMocks.swift in Sources */,
				92FE23EA22EE9214008728C5 /* JSONParser.swift in Sources */,
				9224973022F10220002885CA /* HttpClient.swift in Sources */,
				92FE23E622EE63B4008728C5 /* VehicleIDsOperation.swift in Sources */,
				9239822B22EFD9530025ACE7 /* VehiclesVC.swift in Sources */,
				92E24BDD22EEB97B00870E77 /* Dealership+CoreDataClass.swift in Sources */,
				92E24BE322EEB97B00870E77 /* Vehicle+CoreDataClass.swift in Sources */,
				92A8EBA722ECEE94000EC835 /* MainCoordinator.swift in Sources */,
				92A8EBD422ED0F87000EC835 /* URLBuilder.swift in Sources */,
				92FE23CC22ED16F4008728C5 /* Dataset.swift in Sources */,
				92FE23DE22EE39B7008728C5 /* DatasetOperation.swift in Sources */,
				92AC3BFD22EF5A470062F91F /* DealershipOperation.swift in Sources */,
				92A8EBB222ECF0E1000EC835 /* Constants.swift in Sources */,
				92A8EB7122ECEE62000EC835 /* AppDelegate.swift in Sources */,
				92E24BE022EEB97B00870E77 /* Vehicle+CoreDataProperties.swift in Sources */,
				9239823022EFDE6C0025ACE7 /* VehiclesTableManager.swift in Sources */,
				92FE23D822EE2EC2008728C5 /* VehicleIDs.swift in Sources */,
				92A8EBAC22ECF036000EC835 /* Storyboarded.swift in Sources */,
				92A8EBC722ED02F0000EC835 /* CoreDataManager.swift in Sources */,
				92A8EBB722ECF6C4000EC835 /* DealershipVC.swift in Sources */,
				92FE23E222EE5BA4008728C5 /* DataTaskManager.swift in Sources */,
				92FE23F422EE9672008728C5 /* VehicleInfo.swift in Sources */,
				9224973422F123E4002885CA /* NetworkingProtocols.swift in Sources */,
			);
			runOnlyForDeploymentPostprocessing = 0;
		};
		92A8EB8022ECEE63000EC835 /* Sources */ = {
			isa = PBXSourcesBuildPhase;
			buildActionMask = 2147483647;
			files = (
				92FE23EB22EE9214008728C5 /* JSONParser.swift in Sources */,
				9224973522F123E4002885CA /* NetworkingProtocols.swift in Sources */,
				9224972922F0F3B3002885CA /* UIView+Extension.swift in Sources */,
				92A8EBAF22ECF091000EC835 /* InitialButtonVC.swift in Sources */,
				9224973C22F14542002885CA /* HttpClientTests.swift in Sources */,
				9224972C22F0FC5D002885CA /* ModelTests.swift in Sources */,
				92E24BE122EEB97B00870E77 /* Vehicle+CoreDataProperties.swift in Sources */,
				9224974222F15FB5002885CA /* JSONParserTests.swift in Sources */,
				92A8EBC322ECFC23000EC835 /* DealershipTableManager.swift in Sources */,
				9224972422F0E97E002885CA /* AppDelegate.swift in Sources */,
				92AC3C0222EF5B4B0062F91F /* DealershipInfo.swift in Sources */,
				92A8EBA422ECEE8B000EC835 /* Coordinator.swift in Sources */,
				92FE23E322EE5BA4008728C5 /* DataTaskManager.swift in Sources */,
				9239823622EFEA730025ACE7 /* VehiclesTableViewCell.swift in Sources */,
				9224973922F12415002885CA /* NetworingMocks.swift in Sources */,
				9239823122EFDE6C0025ACE7 /* VehiclesTableManager.swift in Sources */,
				9224973122F10220002885CA /* HttpClient.swift in Sources */,
				92A8EBD522ED0F87000EC835 /* URLBuilder.swift in Sources */,
				9224971822F01B01002885CA /* Constants.swift in Sources */,
				92E24BDE22EEB97B00870E77 /* Dealership+CoreDataClass.swift in Sources */,
				92E24BE422EEB97B00870E77 /* Vehicle+CoreDataClass.swift in Sources */,
				92FE23E722EE63B4008728C5 /* VehicleIDsOperation.swift in Sources */,
				92A8EBA822ECEE94000EC835 /* MainCoordinator.swift in Sources */,
				92FE23CD22ED16F4008728C5 /* Dataset.swift in Sources */,
				9224974022F152B5002885CA /* URLBuilderTests.swift in Sources */,
				9239822C22EFD9530025ACE7 /* VehiclesVC.swift in Sources */,
				92FE23DF22EE39B7008728C5 /* DatasetOperation.swift in Sources */,
				92FE23D922EE2EC2008728C5 /* VehicleIDs.swift in Sources */,
				92FE23EF22EE93B1008728C5 /* VehicleInfoOperation.swift in Sources */,
				92FE23F522EE9672008728C5 /* VehicleInfo.swift in Sources */,
				92A8EBAD22ECF036000EC835 /* Storyboarded.swift in Sources */,
				92E24BDB22EEB97B00870E77 /* Dealership+CoreDataProperties.swift in Sources */,
				92A8EBC822ED02F0000EC835 /* CoreDataManager.swift in Sources */,
				92AC3BFE22EF5A470062F91F /* DealershipOperation.swift in Sources */,
				92A8EBB822ECF6C4000EC835 /* DealershipVC.swift in Sources */,
			);
			runOnlyForDeploymentPostprocessing = 0;
		};
		92A8EB8B22ECEE63000EC835 /* Sources */ = {
			isa = PBXSourcesBuildPhase;
			buildActionMask = 2147483647;
			files = (
				92FE23EC22EE9214008728C5 /* JSONParser.swift in Sources */,
				9224972A22F0F3B3002885CA /* UIView+Extension.swift in Sources */,
				92A8EBB022ECF092000EC835 /* InitialButtonVC.swift in Sources */,
				92E24BE222EEB97B00870E77 /* Vehicle+CoreDataProperties.swift in Sources */,
				92A8EBC422ECFC23000EC835 /* DealershipTableManager.swift in Sources */,
				9224972522F0E97F002885CA /* AppDelegate.swift in Sources */,
				92AC3C0322EF5B4B0062F91F /* DealershipInfo.swift in Sources */,
				92A8EBA522ECEE8B000EC835 /* Coordinator.swift in Sources */,
				92FE23E422EE5BA4008728C5 /* DataTaskManager.swift in Sources */,
				9224973A22F12415002885CA /* NetworingMocks.swift in Sources */,
				9239823722EFEA730025ACE7 /* VehiclesTableViewCell.swift in Sources */,
				9224973222F10220002885CA /* HttpClient.swift in Sources */,
				9239823222EFDE6C0025ACE7 /* VehiclesTableManager.swift in Sources */,
				92A8EBD622ED0F87000EC835 /* URLBuilder.swift in Sources */,
				9224971922F01B02002885CA /* Constants.swift in Sources */,
				92E24BDF22EEB97B00870E77 /* Dealership+CoreDataClass.swift in Sources */,
				92E24BE522EEB97B00870E77 /* Vehicle+CoreDataClass.swift in Sources */,
				92FE23E822EE63B4008728C5 /* VehicleIDsOperation.swift in Sources */,
				92A8EBA922ECEE94000EC835 /* MainCoordinator.swift in Sources */,
				92FE23CE22ED16F4008728C5 /* Dataset.swift in Sources */,
				9239822D22EFD9530025ACE7 /* VehiclesVC.swift in Sources */,
				92FE23E022EE39B7008728C5 /* DatasetOperation.swift in Sources */,
				92FE23DA22EE2EC2008728C5 /* VehicleIDs.swift in Sources */,
				92FE23F022EE93B1008728C5 /* VehicleInfoOperation.swift in Sources */,
				92FE23F622EE9672008728C5 /* VehicleInfo.swift in Sources */,
				92A8EB9422ECEE63000EC835 /* CarsNStuffUITests.swift in Sources */,
				92A8EBAE22ECF036000EC835 /* Storyboarded.swift in Sources */,
				92E24BDC22EEB97B00870E77 /* Dealership+CoreDataProperties.swift in Sources */,
				92A8EBC922ED02F0000EC835 /* CoreDataManager.swift in Sources */,
				92AC3BFF22EF5A470062F91F /* DealershipOperation.swift in Sources */,
				92A8EBB922ECF6C4000EC835 /* DealershipVC.swift in Sources */,
				9224973622F123E4002885CA /* NetworkingProtocols.swift in Sources */,
			);
			runOnlyForDeploymentPostprocessing = 0;
		};
/* End PBXSourcesBuildPhase section */

/* Begin PBXTargetDependency section */
		92A8EB8622ECEE63000EC835 /* PBXTargetDependency */ = {
			isa = PBXTargetDependency;
			target = 92A8EB6C22ECEE62000EC835 /* CarsNStuff */;
			targetProxy = 92A8EB8522ECEE63000EC835 /* PBXContainerItemProxy */;
		};
		92A8EB9122ECEE63000EC835 /* PBXTargetDependency */ = {
			isa = PBXTargetDependency;
			target = 92A8EB6C22ECEE62000EC835 /* CarsNStuff */;
			targetProxy = 92A8EB9022ECEE63000EC835 /* PBXContainerItemProxy */;
		};
/* End PBXTargetDependency section */

/* Begin PBXVariantGroup section */
		92A8EB7422ECEE62000EC835 /* Main.storyboard */ = {
			isa = PBXVariantGroup;
			children = (
				92A8EB7522ECEE62000EC835 /* Base */,
			);
			name = Main.storyboard;
			sourceTree = "<group>";
		};
		92A8EB7C22ECEE62000EC835 /* LaunchScreen.storyboard */ = {
			isa = PBXVariantGroup;
			children = (
				92A8EB7D22ECEE62000EC835 /* Base */,
			);
			name = LaunchScreen.storyboard;
			sourceTree = "<group>";
		};
/* End PBXVariantGroup section */

/* Begin XCBuildConfiguration section */
		92A8EB9622ECEE63000EC835 /* Debug */ = {
			isa = XCBuildConfiguration;
			buildSettings = {
				ALWAYS_SEARCH_USER_PATHS = NO;
				CLANG_ANALYZER_NONNULL = YES;
				CLANG_ANALYZER_NUMBER_OBJECT_CONVERSION = YES_AGGRESSIVE;
				CLANG_CXX_LANGUAGE_STANDARD = "gnu++14";
				CLANG_CXX_LIBRARY = "libc++";
				CLANG_ENABLE_MODULES = YES;
				CLANG_ENABLE_OBJC_ARC = YES;
				CLANG_ENABLE_OBJC_WEAK = YES;
				CLANG_WARN_BLOCK_CAPTURE_AUTORELEASING = YES;
				CLANG_WARN_BOOL_CONVERSION = YES;
				CLANG_WARN_COMMA = YES;
				CLANG_WARN_CONSTANT_CONVERSION = YES;
				CLANG_WARN_DEPRECATED_OBJC_IMPLEMENTATIONS = YES;
				CLANG_WARN_DIRECT_OBJC_ISA_USAGE = YES_ERROR;
				CLANG_WARN_DOCUMENTATION_COMMENTS = YES;
				CLANG_WARN_EMPTY_BODY = YES;
				CLANG_WARN_ENUM_CONVERSION = YES;
				CLANG_WARN_INFINITE_RECURSION = YES;
				CLANG_WARN_INT_CONVERSION = YES;
				CLANG_WARN_NON_LITERAL_NULL_CONVERSION = YES;
				CLANG_WARN_OBJC_IMPLICIT_RETAIN_SELF = YES;
				CLANG_WARN_OBJC_LITERAL_CONVERSION = YES;
				CLANG_WARN_OBJC_ROOT_CLASS = YES_ERROR;
				CLANG_WARN_RANGE_LOOP_ANALYSIS = YES;
				CLANG_WARN_STRICT_PROTOTYPES = YES;
				CLANG_WARN_SUSPICIOUS_MOVE = YES;
				CLANG_WARN_UNGUARDED_AVAILABILITY = YES_AGGRESSIVE;
				CLANG_WARN_UNREACHABLE_CODE = YES;
				CLANG_WARN__DUPLICATE_METHOD_MATCH = YES;
				CODE_SIGN_IDENTITY = "iPhone Developer";
				COPY_PHASE_STRIP = NO;
				DEBUG_INFORMATION_FORMAT = dwarf;
				ENABLE_STRICT_OBJC_MSGSEND = YES;
				ENABLE_TESTABILITY = YES;
				GCC_C_LANGUAGE_STANDARD = gnu11;
				GCC_DYNAMIC_NO_PIC = NO;
				GCC_NO_COMMON_BLOCKS = YES;
				GCC_OPTIMIZATION_LEVEL = 0;
				GCC_PREPROCESSOR_DEFINITIONS = (
					"DEBUG=1",
					"$(inherited)",
				);
				GCC_WARN_64_TO_32_BIT_CONVERSION = YES;
				GCC_WARN_ABOUT_RETURN_TYPE = YES_ERROR;
				GCC_WARN_UNDECLARED_SELECTOR = YES;
				GCC_WARN_UNINITIALIZED_AUTOS = YES_AGGRESSIVE;
				GCC_WARN_UNUSED_FUNCTION = YES;
				GCC_WARN_UNUSED_VARIABLE = YES;
				IPHONEOS_DEPLOYMENT_TARGET = 12.2;
				MTL_ENABLE_DEBUG_INFO = INCLUDE_SOURCE;
				MTL_FAST_MATH = YES;
				ONLY_ACTIVE_ARCH = YES;
				SDKROOT = iphoneos;
				SWIFT_ACTIVE_COMPILATION_CONDITIONS = DEBUG;
				SWIFT_OPTIMIZATION_LEVEL = "-Onone";
			};
			name = Debug;
		};
		92A8EB9722ECEE63000EC835 /* Release */ = {
			isa = XCBuildConfiguration;
			buildSettings = {
				ALWAYS_SEARCH_USER_PATHS = NO;
				CLANG_ANALYZER_NONNULL = YES;
				CLANG_ANALYZER_NUMBER_OBJECT_CONVERSION = YES_AGGRESSIVE;
				CLANG_CXX_LANGUAGE_STANDARD = "gnu++14";
				CLANG_CXX_LIBRARY = "libc++";
				CLANG_ENABLE_MODULES = YES;
				CLANG_ENABLE_OBJC_ARC = YES;
				CLANG_ENABLE_OBJC_WEAK = YES;
				CLANG_WARN_BLOCK_CAPTURE_AUTORELEASING = YES;
				CLANG_WARN_BOOL_CONVERSION = YES;
				CLANG_WARN_COMMA = YES;
				CLANG_WARN_CONSTANT_CONVERSION = YES;
				CLANG_WARN_DEPRECATED_OBJC_IMPLEMENTATIONS = YES;
				CLANG_WARN_DIRECT_OBJC_ISA_USAGE = YES_ERROR;
				CLANG_WARN_DOCUMENTATION_COMMENTS = YES;
				CLANG_WARN_EMPTY_BODY = YES;
				CLANG_WARN_ENUM_CONVERSION = YES;
				CLANG_WARN_INFINITE_RECURSION = YES;
				CLANG_WARN_INT_CONVERSION = YES;
				CLANG_WARN_NON_LITERAL_NULL_CONVERSION = YES;
				CLANG_WARN_OBJC_IMPLICIT_RETAIN_SELF = YES;
				CLANG_WARN_OBJC_LITERAL_CONVERSION = YES;
				CLANG_WARN_OBJC_ROOT_CLASS = YES_ERROR;
				CLANG_WARN_RANGE_LOOP_ANALYSIS = YES;
				CLANG_WARN_STRICT_PROTOTYPES = YES;
				CLANG_WARN_SUSPICIOUS_MOVE = YES;
				CLANG_WARN_UNGUARDED_AVAILABILITY = YES_AGGRESSIVE;
				CLANG_WARN_UNREACHABLE_CODE = YES;
				CLANG_WARN__DUPLICATE_METHOD_MATCH = YES;
				CODE_SIGN_IDENTITY = "iPhone Developer";
				COPY_PHASE_STRIP = NO;
				DEBUG_INFORMATION_FORMAT = "dwarf-with-dsym";
				ENABLE_NS_ASSERTIONS = NO;
				ENABLE_STRICT_OBJC_MSGSEND = YES;
				GCC_C_LANGUAGE_STANDARD = gnu11;
				GCC_NO_COMMON_BLOCKS = YES;
				GCC_WARN_64_TO_32_BIT_CONVERSION = YES;
				GCC_WARN_ABOUT_RETURN_TYPE = YES_ERROR;
				GCC_WARN_UNDECLARED_SELECTOR = YES;
				GCC_WARN_UNINITIALIZED_AUTOS = YES_AGGRESSIVE;
				GCC_WARN_UNUSED_FUNCTION = YES;
				GCC_WARN_UNUSED_VARIABLE = YES;
				IPHONEOS_DEPLOYMENT_TARGET = 12.2;
				MTL_ENABLE_DEBUG_INFO = NO;
				MTL_FAST_MATH = YES;
				SDKROOT = iphoneos;
				SWIFT_COMPILATION_MODE = wholemodule;
				SWIFT_OPTIMIZATION_LEVEL = "-O";
				VALIDATE_PRODUCT = YES;
			};
			name = Release;
		};
		92A8EB9922ECEE63000EC835 /* Debug */ = {
			isa = XCBuildConfiguration;
			buildSettings = {
				ASSETCATALOG_COMPILER_APPICON_NAME = AppIcon;
				CODE_SIGN_STYLE = Automatic;
				DEVELOPMENT_TEAM = 8CD362E4H7;
				INFOPLIST_FILE = CarsNStuff/Info.plist;
				LD_RUNPATH_SEARCH_PATHS = (
					"$(inherited)",
					"@executable_path/Frameworks",
				);
				PRODUCT_BUNDLE_IDENTIFIER = com.swingaroo2.apps.CarsNStuff;
				PRODUCT_NAME = "$(TARGET_NAME)";
				SWIFT_VERSION = 5.0;
				TARGETED_DEVICE_FAMILY = "1,2";
			};
			name = Debug;
		};
		92A8EB9A22ECEE63000EC835 /* Release */ = {
			isa = XCBuildConfiguration;
			buildSettings = {
				ASSETCATALOG_COMPILER_APPICON_NAME = AppIcon;
				CODE_SIGN_STYLE = Automatic;
				DEVELOPMENT_TEAM = 8CD362E4H7;
				INFOPLIST_FILE = CarsNStuff/Info.plist;
				LD_RUNPATH_SEARCH_PATHS = (
					"$(inherited)",
					"@executable_path/Frameworks",
				);
				PRODUCT_BUNDLE_IDENTIFIER = com.swingaroo2.apps.CarsNStuff;
				PRODUCT_NAME = "$(TARGET_NAME)";
				SWIFT_VERSION = 5.0;
				TARGETED_DEVICE_FAMILY = "1,2";
			};
			name = Release;
		};
		92A8EB9C22ECEE63000EC835 /* Debug */ = {
			isa = XCBuildConfiguration;
			buildSettings = {
				ALWAYS_EMBED_SWIFT_STANDARD_LIBRARIES = YES;
				BUNDLE_LOADER = "$(TEST_HOST)";
				CODE_SIGN_STYLE = Automatic;
				DEVELOPMENT_TEAM = 8CD362E4H7;
				INFOPLIST_FILE = CarsNStuffTests/Info.plist;
				LD_RUNPATH_SEARCH_PATHS = (
					"$(inherited)",
					"@executable_path/Frameworks",
					"@loader_path/Frameworks",
				);
				PRODUCT_BUNDLE_IDENTIFIER = com.swingaroo2.apps.CarsNStuffTests;
				PRODUCT_NAME = "$(TARGET_NAME)";
				SWIFT_VERSION = 5.0;
				TARGETED_DEVICE_FAMILY = "1,2";
				TEST_HOST = "$(BUILT_PRODUCTS_DIR)/CarsNStuff.app/CarsNStuff";
			};
			name = Debug;
		};
		92A8EB9D22ECEE63000EC835 /* Release */ = {
			isa = XCBuildConfiguration;
			buildSettings = {
				ALWAYS_EMBED_SWIFT_STANDARD_LIBRARIES = YES;
				BUNDLE_LOADER = "$(TEST_HOST)";
				CODE_SIGN_STYLE = Automatic;
				DEVELOPMENT_TEAM = 8CD362E4H7;
				INFOPLIST_FILE = CarsNStuffTests/Info.plist;
				LD_RUNPATH_SEARCH_PATHS = (
					"$(inherited)",
					"@executable_path/Frameworks",
					"@loader_path/Frameworks",
				);
				PRODUCT_BUNDLE_IDENTIFIER = com.swingaroo2.apps.CarsNStuffTests;
				PRODUCT_NAME = "$(TARGET_NAME)";
				SWIFT_VERSION = 5.0;
				TARGETED_DEVICE_FAMILY = "1,2";
				TEST_HOST = "$(BUILT_PRODUCTS_DIR)/CarsNStuff.app/CarsNStuff";
			};
			name = Release;
		};
		92A8EB9F22ECEE63000EC835 /* Debug */ = {
			isa = XCBuildConfiguration;
			buildSettings = {
				ALWAYS_EMBED_SWIFT_STANDARD_LIBRARIES = YES;
				CODE_SIGN_STYLE = Automatic;
				DEVELOPMENT_TEAM = 8CD362E4H7;
				INFOPLIST_FILE = CarsNStuffUITests/Info.plist;
				LD_RUNPATH_SEARCH_PATHS = (
					"$(inherited)",
					"@executable_path/Frameworks",
					"@loader_path/Frameworks",
				);
				PRODUCT_BUNDLE_IDENTIFIER = com.swingaroo2.apps.CarsNStuffUITests;
				PRODUCT_NAME = "$(TARGET_NAME)";
				SWIFT_VERSION = 5.0;
				TARGETED_DEVICE_FAMILY = "1,2";
				TEST_TARGET_NAME = CarsNStuff;
			};
			name = Debug;
		};
		92A8EBA022ECEE63000EC835 /* Release */ = {
			isa = XCBuildConfiguration;
			buildSettings = {
				ALWAYS_EMBED_SWIFT_STANDARD_LIBRARIES = YES;
				CODE_SIGN_STYLE = Automatic;
				DEVELOPMENT_TEAM = 8CD362E4H7;
				INFOPLIST_FILE = CarsNStuffUITests/Info.plist;
				LD_RUNPATH_SEARCH_PATHS = (
					"$(inherited)",
					"@executable_path/Frameworks",
					"@loader_path/Frameworks",
				);
				PRODUCT_BUNDLE_IDENTIFIER = com.swingaroo2.apps.CarsNStuffUITests;
				PRODUCT_NAME = "$(TARGET_NAME)";
				SWIFT_VERSION = 5.0;
				TARGETED_DEVICE_FAMILY = "1,2";
				TEST_TARGET_NAME = CarsNStuff;
			};
			name = Release;
		};
/* End XCBuildConfiguration section */

/* Begin XCConfigurationList section */
		92A8EB6822ECEE62000EC835 /* Build configuration list for PBXProject "CarsNStuff" */ = {
			isa = XCConfigurationList;
			buildConfigurations = (
				92A8EB9622ECEE63000EC835 /* Debug */,
				92A8EB9722ECEE63000EC835 /* Release */,
			);
			defaultConfigurationIsVisible = 0;
			defaultConfigurationName = Release;
		};
		92A8EB9822ECEE63000EC835 /* Build configuration list for PBXNativeTarget "CarsNStuff" */ = {
			isa = XCConfigurationList;
			buildConfigurations = (
				92A8EB9922ECEE63000EC835 /* Debug */,
				92A8EB9A22ECEE63000EC835 /* Release */,
			);
			defaultConfigurationIsVisible = 0;
			defaultConfigurationName = Release;
		};
		92A8EB9B22ECEE63000EC835 /* Build configuration list for PBXNativeTarget "CarsNStuffTests" */ = {
			isa = XCConfigurationList;
			buildConfigurations = (
				92A8EB9C22ECEE63000EC835 /* Debug */,
				92A8EB9D22ECEE63000EC835 /* Release */,
			);
			defaultConfigurationIsVisible = 0;
			defaultConfigurationName = Release;
		};
		92A8EB9E22ECEE63000EC835 /* Build configuration list for PBXNativeTarget "CarsNStuffUITests" */ = {
			isa = XCConfigurationList;
			buildConfigurations = (
				92A8EB9F22ECEE63000EC835 /* Debug */,
				92A8EBA022ECEE63000EC835 /* Release */,
			);
			defaultConfigurationIsVisible = 0;
			defaultConfigurationName = Release;
		};
/* End XCConfigurationList section */

/* Begin XCVersionGroup section */
		92A8EB7722ECEE62000EC835 /* CarsNStuff.xcdatamodeld */ = {
			isa = XCVersionGroup;
			children = (
				92A8EB7822ECEE62000EC835 /* CarsNStuff.xcdatamodel */,
			);
			currentVersion = 92A8EB7822ECEE62000EC835 /* CarsNStuff.xcdatamodel */;
			path = CarsNStuff.xcdatamodeld;
			sourceTree = "<group>";
			versionGroupType = wrapper.xcdatamodel;
		};
/* End XCVersionGroup section */
	};
	rootObject = 92A8EB6522ECEE62000EC835 /* Project object */;
}
